
Microsoft Visual Studio Solution File, Format Version 12.00
# Visual Studio Version 17
VisualStudioVersion = 17.9.34728.123
MinimumVisualStudioVersion = 10.0.40219.1
Project("{FAE04EC0-301F-11D3-BF4B-00C04F79EFBC}") = "DelegatesExample", "DelegatesExample\DelegatesExample.csproj", "{64C8D402-747B-4F72-BCF0-03F842F3A35D}"
EndProject
Global
	GlobalSection(SolutionConfigurationPlatforms) = preSolution
		Debug|Any CPU = Debug|Any CPU
		Release|Any CPU = Release|Any CPU
	EndGlobalSection
	GlobalSection(ProjectConfigurationPlatforms) = postSolution
		{64C8D402-747B-4F72-BCF0-03F842F3A35D}.Debug|Any CPU.ActiveCfg = Debug|Any CPU
		{64C8D402-747B-4F72-BCF0-03F842F3A35D}.Debug|Any CPU.Build.0 = Debug|Any CPU
		{64C8D402-747B-4F72-BCF0-03F842F3A35D}.Release|Any CPU.ActiveCfg = Release|Any CPU
		{64C8D402-747B-4F72-BCF0-03F842F3A35D}.Release|Any CPU.Build.0 = Release|Any CPU
	EndGlobalSection
	GlobalSection(SolutionProperties) = preSolution
		HideSolutionNode = FALSE
	EndGlobalSection
	GlobalSection(ExtensibilityGlobals) = postSolution
		SolutionGuid = {A125C7CA-F36D-4671-B005-C36C1D267587}
	EndGlobalSection
EndGlobal
